
Microsoft Visual Studio Solution File, Format Version 12.00
# Visual Studio Version 17
VisualStudioVersion = 17.4.33403.182
MinimumVisualStudioVersion = 10.0.40219.1
Project("{FAE04EC0-301F-11D3-BF4B-00C04F79EFBC}") = "SaibanDataLib", "SaibanDataLib.csproj", "{7DD90913-6B62-46CE-8B00-1187C2FED1ED}"
EndProject
Global
	GlobalSection(SolutionConfigurationPlatforms) = preSolution
		Debug|Any CPU = Debug|Any CPU
		Release|Any CPU = Release|Any CPU
	EndGlobalSection
	GlobalSection(ProjectConfigurationPlatforms) = postSolution
		{7DD90913-6B62-46CE-8B00-1187C2FED1ED}.Debug|Any CPU.ActiveCfg = Debug|Any CPU
		{7DD90913-6B62-46CE-8B00-1187C2FED1ED}.Debug|Any CPU.Build.0 = Debug|Any CPU
		{7DD90913-6B62-46CE-8B00-1187C2FED1ED}.Release|Any CPU.ActiveCfg = Release|Any CPU
		{7DD90913-6B62-46CE-8B00-1187C2FED1ED}.Release|Any CPU.Build.0 = Release|Any CPU
	EndGlobalSection
	GlobalSection(SolutionProperties) = preSolution
		HideSolutionNode = FALSE
	EndGlobalSection
	GlobalSection(ExtensibilityGlobals) = postSolution
		SolutionGuid = {4DB61618-5A93-468B-8A0B-97E62BE0DF3B}
	EndGlobalSection
EndGlobal
